
Microsoft Visual Studio Solution File, Format Version 12.00
# Visual Studio 15
VisualStudioVersion = 15.0.27004.2005
MinimumVisualStudioVersion = 10.0.40219.1
Project("{FAE04EC0-301F-11D3-BF4B-00C04F79EFBC}") = "CrossArc", "CrossArc\CrossArc.csproj", "{FD1204F9-C82C-4BDC-A6FD-CB639F74EB84}"
EndProject
Global
	GlobalSection(SolutionConfigurationPlatforms) = preSolution
		Debug|Any CPU = Debug|Any CPU
		Release|Any CPU = Release|Any CPU
	EndGlobalSection
	GlobalSection(ProjectConfigurationPlatforms) = postSolution
		{FD1204F9-C82C-4BDC-A6FD-CB639F74EB84}.Debug|Any CPU.ActiveCfg = Debug|Any CPU
		{FD1204F9-C82C-4BDC-A6FD-CB639F74EB84}.Debug|Any CPU.Build.0 = Debug|Any CPU
		{FD1204F9-C82C-4BDC-A6FD-CB639F74EB84}.Release|Any CPU.ActiveCfg = Release|Any CPU
		{FD1204F9-C82C-4BDC-A6FD-CB639F74EB84}.Release|Any CPU.Build.0 = Release|Any CPU
	EndGlobalSection
	GlobalSection(SolutionProperties) = preSolution
		HideSolutionNode = FALSE
	EndGlobalSection
	GlobalSection(ExtensibilityGlobals) = postSolution
		SolutionGuid = {97028456-BF09-453D-8EC6-2F5731206B6F}
	EndGlobalSection
EndGlobal
