
Microsoft Visual Studio Solution File, Format Version 12.00
# Visual Studio 15
VisualStudioVersion = 15.0.27004.2005
MinimumVisualStudioVersion = 10.0.40219.1
Project("{FAE04EC0-301F-11D3-BF4B-00C04F79EFBC}") = "ArcCross", "ArcCross\ArcCross.csproj", "{BEC3B127-267C-4FD5-8FDD-75880B1927AD}"
EndProject
Project("{FAE04EC0-301F-11D3-BF4B-00C04F79EFBC}") = "CrossArc", "CrossArc\CrossArc.csproj", "{5CD387D5-2543-403B-A698-0C9F1EFB943B}"
EndProject
Global
	GlobalSection(SolutionConfigurationPlatforms) = preSolution
		Debug|Any CPU = Debug|Any CPU
		Release|Any CPU = Release|Any CPU
	EndGlobalSection
	GlobalSection(ProjectConfigurationPlatforms) = postSolution
		{BEC3B127-267C-4FD5-8FDD-75880B1927AD}.Debug|Any CPU.ActiveCfg = Debug|Any CPU
		{BEC3B127-267C-4FD5-8FDD-75880B1927AD}.Debug|Any CPU.Build.0 = Debug|Any CPU
		{BEC3B127-267C-4FD5-8FDD-75880B1927AD}.Release|Any CPU.ActiveCfg = Release|Any CPU
		{BEC3B127-267C-4FD5-8FDD-75880B1927AD}.Release|Any CPU.Build.0 = Release|Any CPU
		{5CD387D5-2543-403B-A698-0C9F1EFB943B}.Debug|Any CPU.ActiveCfg = Debug|Any CPU
		{5CD387D5-2543-403B-A698-0C9F1EFB943B}.Debug|Any CPU.Build.0 = Debug|Any CPU
		{5CD387D5-2543-403B-A698-0C9F1EFB943B}.Release|Any CPU.ActiveCfg = Release|Any CPU
		{5CD387D5-2543-403B-A698-0C9F1EFB943B}.Release|Any CPU.Build.0 = Release|Any CPU
	EndGlobalSection
	GlobalSection(SolutionProperties) = preSolution
		HideSolutionNode = FALSE
	EndGlobalSection
	GlobalSection(ExtensibilityGlobals) = postSolution
		SolutionGuid = {97028456-BF09-453D-8EC6-2F5731206B6F}
	EndGlobalSection
EndGlobal
