
Microsoft Visual Studio Solution File, Format Version 12.00
# Visual Studio Version 16
VisualStudioVersion = 16.0.28803.156
MinimumVisualStudioVersion = 10.0.40219.1
Project("{FAE04EC0-301F-11D3-BF4B-00C04F79EFBC}") = "CrossArc", "CrossArc\CrossArc.csproj", "{5CD387D5-2543-403B-A698-0C9F1EFB943B}"
EndProject
Project("{FAE04EC0-301F-11D3-BF4B-00C04F79EFBC}") = "ArcCross", "ArcCross\ArcCross.csproj", "{0444A8C3-9657-40AD-BB02-38B18A99DED4}"
EndProject
Global
	GlobalSection(SolutionConfigurationPlatforms) = preSolution
		Debug|Any CPU = Debug|Any CPU
		Release|Any CPU = Release|Any CPU
	EndGlobalSection
	GlobalSection(ProjectConfigurationPlatforms) = postSolution
		{5CD387D5-2543-403B-A698-0C9F1EFB943B}.Debug|Any CPU.ActiveCfg = Debug|Any CPU
		{5CD387D5-2543-403B-A698-0C9F1EFB943B}.Debug|Any CPU.Build.0 = Debug|Any CPU
		{5CD387D5-2543-403B-A698-0C9F1EFB943B}.Release|Any CPU.ActiveCfg = Release|Any CPU
		{5CD387D5-2543-403B-A698-0C9F1EFB943B}.Release|Any CPU.Build.0 = Release|Any CPU
		{0444A8C3-9657-40AD-BB02-38B18A99DED4}.Debug|Any CPU.ActiveCfg = Debug|Any CPU
		{0444A8C3-9657-40AD-BB02-38B18A99DED4}.Debug|Any CPU.Build.0 = Debug|Any CPU
		{0444A8C3-9657-40AD-BB02-38B18A99DED4}.Release|Any CPU.ActiveCfg = Release|Any CPU
		{0444A8C3-9657-40AD-BB02-38B18A99DED4}.Release|Any CPU.Build.0 = Release|Any CPU
	EndGlobalSection
	GlobalSection(SolutionProperties) = preSolution
		HideSolutionNode = FALSE
	EndGlobalSection
	GlobalSection(ExtensibilityGlobals) = postSolution
		SolutionGuid = {97028456-BF09-453D-8EC6-2F5731206B6F}
	EndGlobalSection
EndGlobal
